
Microsoft Visual Studio Solution File, Format Version 12.00
# Visual Studio Version 16
VisualStudioVersion = 16.0.29519.87
MinimumVisualStudioVersion = 10.0.40219.1
Project("{9A19103F-16F7-4668-BE54-9A1E7A4F7556}") = "Azf.Services", "Azf.Services\Azf.Services.csproj", "{43C01FEC-1D54-4A39-A327-580557DB1E7F}"
EndProject
Project("{FAE04EC0-301F-11D3-BF4B-00C04F79EFBC}") = "Azf", "Azf\Azf.csproj", "{B3A6F0A0-F74B-434D-8148-A44C71B99225}"
EndProject
Global
	GlobalSection(SolutionConfigurationPlatforms) = preSolution
		Debug|Any CPU = Debug|Any CPU
		Release|Any CPU = Release|Any CPU
	EndGlobalSection
	GlobalSection(ProjectConfigurationPlatforms) = postSolution
		{43C01FEC-1D54-4A39-A327-580557DB1E7F}.Debug|Any CPU.ActiveCfg = Debug|Any CPU
		{43C01FEC-1D54-4A39-A327-580557DB1E7F}.Debug|Any CPU.Build.0 = Debug|Any CPU
		{43C01FEC-1D54-4A39-A327-580557DB1E7F}.Release|Any CPU.ActiveCfg = Release|Any CPU
		{43C01FEC-1D54-4A39-A327-580557DB1E7F}.Release|Any CPU.Build.0 = Release|Any CPU
		{B3A6F0A0-F74B-434D-8148-A44C71B99225}.Debug|Any CPU.ActiveCfg = Debug|Any CPU
		{B3A6F0A0-F74B-434D-8148-A44C71B99225}.Debug|Any CPU.Build.0 = Debug|Any CPU
		{B3A6F0A0-F74B-434D-8148-A44C71B99225}.Release|Any CPU.ActiveCfg = Release|Any CPU
		{B3A6F0A0-F74B-434D-8148-A44C71B99225}.Release|Any CPU.Build.0 = Release|Any CPU
	EndGlobalSection
	GlobalSection(SolutionProperties) = preSolution
		HideSolutionNode = FALSE
	EndGlobalSection
	GlobalSection(ExtensibilityGlobals) = postSolution
		SolutionGuid = {FD6BB5A4-7DF2-43DF-88E2-C420005649D5}
	EndGlobalSection
EndGlobal
